
Microsoft Visual Studio Solution File, Format Version 12.00
# Visual Studio 15
VisualStudioVersion = 15.0.28010.2036
MinimumVisualStudioVersion = 10.0.40219.1
Project("{F2A71F9B-5D33-465A-A702-920D77279786}") = "MoodleTest", "MoodleTest\MoodleTest.fsproj", "{226838BC-C965-484D-B361-002D8651559A}"
EndProject
Project("{F2A71F9B-5D33-465A-A702-920D77279786}") = "MoodleModel", "MoodleModel\MoodleModel.fsproj", "{0A8D27C1-D6A4-4DBB-8BA3-800B0886E061}"
EndProject
Global
	GlobalSection(SolutionConfigurationPlatforms) = preSolution
		Debug|Any CPU = Debug|Any CPU
		Release|Any CPU = Release|Any CPU
	EndGlobalSection
	GlobalSection(ProjectConfigurationPlatforms) = postSolution
		{226838BC-C965-484D-B361-002D8651559A}.Debug|Any CPU.ActiveCfg = Debug|Any CPU
		{226838BC-C965-484D-B361-002D8651559A}.Debug|Any CPU.Build.0 = Debug|Any CPU
		{226838BC-C965-484D-B361-002D8651559A}.Release|Any CPU.ActiveCfg = Release|Any CPU
		{226838BC-C965-484D-B361-002D8651559A}.Release|Any CPU.Build.0 = Release|Any CPU
		{0A8D27C1-D6A4-4DBB-8BA3-800B0886E061}.Debug|Any CPU.ActiveCfg = Debug|Any CPU
		{0A8D27C1-D6A4-4DBB-8BA3-800B0886E061}.Debug|Any CPU.Build.0 = Debug|Any CPU
		{0A8D27C1-D6A4-4DBB-8BA3-800B0886E061}.Release|Any CPU.ActiveCfg = Release|Any CPU
		{0A8D27C1-D6A4-4DBB-8BA3-800B0886E061}.Release|Any CPU.Build.0 = Release|Any CPU
	EndGlobalSection
	GlobalSection(SolutionProperties) = preSolution
		HideSolutionNode = FALSE
	EndGlobalSection
	GlobalSection(ExtensibilityGlobals) = postSolution
		SolutionGuid = {38C0214C-0375-4991-95EB-B1FC3225DAEE}
	EndGlobalSection
EndGlobal
